// !$*UTF8*$!
{
	archiveVersion = 1;
	classes = {
	};
	objectVersion = 56;
	objects = {

/* Begin PBXBuildFile section */
		432643DF2B7632260045904C /* String+Extensions.swift in Sources */ = {isa = PBXBuildFile; fileRef = 432643DE2B7632260045904C /* String+Extensions.swift */; };
		432643E72B76532C0045904C /* AuthServiceTests.swift in Sources */ = {isa = PBXBuildFile; fileRef = 432643E62B76532C0045904C /* AuthServiceTests.swift */; };
		4326441A2B76610E0045904C /* TransfertService.swift in Sources */ = {isa = PBXBuildFile; fileRef = 432644192B76610E0045904C /* TransfertService.swift */; };
		4326441C2B76674B0045904C /* Authentification.json in Resources */ = {isa = PBXBuildFile; fileRef = 4326441B2B76674B0045904C /* Authentification.json */; };
		432644202B76685A0045904C /* FakeData.swift in Sources */ = {isa = PBXBuildFile; fileRef = 4326441F2B76685A0045904C /* FakeData.swift */; };
		432644222B766E1A0045904C /* URLSessionFake.swift in Sources */ = {isa = PBXBuildFile; fileRef = 432644212B766E1A0045904C /* URLSessionFake.swift */; };
		432644242B76851D0045904C /* AccountDetail.json in Resources */ = {isa = PBXBuildFile; fileRef = 432644232B76851D0045904C /* AccountDetail.json */; };
		432644282B7685A00045904C /* AccountDetailServiceTests.swift in Sources */ = {isa = PBXBuildFile; fileRef = 432644272B7685A00045904C /* AccountDetailServiceTests.swift */; };
		4326442A2B7685AF0045904C /* TransfertServiceTests.swift in Sources */ = {isa = PBXBuildFile; fileRef = 432644292B7685AF0045904C /* TransfertServiceTests.swift */; };
		4326442C2B768FE50045904C /* UrlSessionBuilderTests.swift in Sources */ = {isa = PBXBuildFile; fileRef = 4326442B2B768FE50045904C /* UrlSessionBuilderTests.swift */; };
		4326442E2B769B910045904C /* Decimal+Extensions.swift in Sources */ = {isa = PBXBuildFile; fileRef = 4326442D2B769B910045904C /* Decimal+Extensions.swift */; };
		434858152B62CAD2000A70A1 /* AuthService.swift in Sources */ = {isa = PBXBuildFile; fileRef = 434858142B62CAD2000A70A1 /* AuthService.swift */; };
		434858182B62CD91000A70A1 /* Endpoint.swift in Sources */ = {isa = PBXBuildFile; fileRef = 434858172B62CD91000A70A1 /* Endpoint.swift */; };
		4348581A2B62E176000A70A1 /* KeychainManager.swift in Sources */ = {isa = PBXBuildFile; fileRef = 434858192B62E176000A70A1 /* KeychainManager.swift */; };
		4348581C2B62F4CF000A70A1 /* AccountDetailService.swift in Sources */ = {isa = PBXBuildFile; fileRef = 4348581B2B62F4CF000A70A1 /* AccountDetailService.swift */; };
		43D1E2362B63FBC000D8C795 /* AuraError.swift in Sources */ = {isa = PBXBuildFile; fileRef = 43D1E2352B63FBC000D8C795 /* AuraError.swift */; };
		43D1E2382B641D8B00D8C795 /* AllTransactionsView.swift in Sources */ = {isa = PBXBuildFile; fileRef = 43D1E2372B641D8B00D8C795 /* AllTransactionsView.swift */; };
		43D1E23A2B641ED700D8C795 /* TransactionRowView.swift in Sources */ = {isa = PBXBuildFile; fileRef = 43D1E2392B641ED700D8C795 /* TransactionRowView.swift */; };
		43D1E23D2B6422D700D8C795 /* ExitToolbarItem.swift in Sources */ = {isa = PBXBuildFile; fileRef = 43D1E23C2B6422D700D8C795 /* ExitToolbarItem.swift */; };
		43E87D892B6391AF008E5343 /* UrlSessionBuilder.swift in Sources */ = {isa = PBXBuildFile; fileRef = 43E87D882B6391AF008E5343 /* UrlSessionBuilder.swift */; };
		43E87D8B2B63BA32008E5343 /* ApiResponse.swift in Sources */ = {isa = PBXBuildFile; fileRef = 43E87D8A2B63BA32008E5343 /* ApiResponse.swift */; };
		43E87D8F2B63E430008E5343 /* BodyKey.swift in Sources */ = {isa = PBXBuildFile; fileRef = 43E87D8E2B63E430008E5343 /* BodyKey.swift */; };
		53D4187C2AC7099A0070ADB1 /* AuraApp.swift in Sources */ = {isa = PBXBuildFile; fileRef = 53D4187B2AC7099A0070ADB1 /* AuraApp.swift */; };
		53D418802AC7099B0070ADB1 /* Assets.xcassets in Resources */ = {isa = PBXBuildFile; fileRef = 53D4187F2AC7099B0070ADB1 /* Assets.xcassets */; };
		53D418832AC7099B0070ADB1 /* Preview Assets.xcassets in Resources */ = {isa = PBXBuildFile; fileRef = 53D418822AC7099B0070ADB1 /* Preview Assets.xcassets */; };
		53D4188D2AC709F40070ADB1 /* AppViewModel.swift in Sources */ = {isa = PBXBuildFile; fileRef = 53D4188C2AC709F40070ADB1 /* AppViewModel.swift */; };
		53D418912AC70A920070ADB1 /* AuthenticationView.swift in Sources */ = {isa = PBXBuildFile; fileRef = 53D418902AC70A920070ADB1 /* AuthenticationView.swift */; };
		53D418932AC70AB10070ADB1 /* AccountDetailView.swift in Sources */ = {isa = PBXBuildFile; fileRef = 53D418922AC70AB10070ADB1 /* AccountDetailView.swift */; };
		53D418952AC70ABF0070ADB1 /* MoneyTransferView.swift in Sources */ = {isa = PBXBuildFile; fileRef = 53D418942AC70ABF0070ADB1 /* MoneyTransferView.swift */; };
		53D418992AC70FD80070ADB1 /* Color+Extensions.swift in Sources */ = {isa = PBXBuildFile; fileRef = 53D418982AC70FD80070ADB1 /* Color+Extensions.swift */; };
		53D4189B2AC711990070ADB1 /* AuthenticationViewModel.swift in Sources */ = {isa = PBXBuildFile; fileRef = 53D4189A2AC711990070ADB1 /* AuthenticationViewModel.swift */; };
		53D4189D2AC715AA0070ADB1 /* AccountDetailViewModel.swift in Sources */ = {isa = PBXBuildFile; fileRef = 53D4189C2AC715AA0070ADB1 /* AccountDetailViewModel.swift */; };
		53D4189F2AC717890070ADB1 /* MoneyTransferViewModel.swift in Sources */ = {isa = PBXBuildFile; fileRef = 53D4189E2AC717890070ADB1 /* MoneyTransferViewModel.swift */; };
		53D418A12AC71B8F0070ADB1 /* View+Extensions.swift in Sources */ = {isa = PBXBuildFile; fileRef = 53D418A02AC71B8F0070ADB1 /* View+Extensions.swift */; };
/* End PBXBuildFile section */

/* Begin PBXContainerItemProxy section */
		432643E82B76532C0045904C /* PBXContainerItemProxy */ = {
			isa = PBXContainerItemProxy;
			containerPortal = 53D418702AC7099A0070ADB1 /* Project object */;
			proxyType = 1;
			remoteGlobalIDString = 53D418772AC7099A0070ADB1;
			remoteInfo = Aura;
		};
/* End PBXContainerItemProxy section */

/* Begin PBXFileReference section */
		432643DE2B7632260045904C /* String+Extensions.swift */ = {isa = PBXFileReference; lastKnownFileType = sourcecode.swift; path = "String+Extensions.swift"; sourceTree = "<group>"; };
		432643E42B76532C0045904C /* AuraTests.xctest */ = {isa = PBXFileReference; explicitFileType = wrapper.cfbundle; includeInIndex = 0; path = AuraTests.xctest; sourceTree = BUILT_PRODUCTS_DIR; };
		432643E62B76532C0045904C /* AuthServiceTests.swift */ = {isa = PBXFileReference; lastKnownFileType = sourcecode.swift; path = AuthServiceTests.swift; sourceTree = "<group>"; };
		432644192B76610E0045904C /* TransfertService.swift */ = {isa = PBXFileReference; lastKnownFileType = sourcecode.swift; path = TransfertService.swift; sourceTree = "<group>"; };
		4326441B2B76674B0045904C /* Authentification.json */ = {isa = PBXFileReference; lastKnownFileType = text.json; path = Authentification.json; sourceTree = "<group>"; };
		4326441F2B76685A0045904C /* FakeData.swift */ = {isa = PBXFileReference; lastKnownFileType = sourcecode.swift; path = FakeData.swift; sourceTree = "<group>"; };
		432644212B766E1A0045904C /* URLSessionFake.swift */ = {isa = PBXFileReference; lastKnownFileType = sourcecode.swift; path = URLSessionFake.swift; sourceTree = "<group>"; };
		432644232B76851D0045904C /* AccountDetail.json */ = {isa = PBXFileReference; lastKnownFileType = text.json; path = AccountDetail.json; sourceTree = "<group>"; };
		432644272B7685A00045904C /* AccountDetailServiceTests.swift */ = {isa = PBXFileReference; lastKnownFileType = sourcecode.swift; path = AccountDetailServiceTests.swift; sourceTree = "<group>"; };
		432644292B7685AF0045904C /* TransfertServiceTests.swift */ = {isa = PBXFileReference; lastKnownFileType = sourcecode.swift; path = TransfertServiceTests.swift; sourceTree = "<group>"; };
		4326442B2B768FE50045904C /* UrlSessionBuilderTests.swift */ = {isa = PBXFileReference; lastKnownFileType = sourcecode.swift; path = UrlSessionBuilderTests.swift; sourceTree = "<group>"; };
		4326442D2B769B910045904C /* Decimal+Extensions.swift */ = {isa = PBXFileReference; lastKnownFileType = sourcecode.swift; path = "Decimal+Extensions.swift"; sourceTree = "<group>"; };
		434858142B62CAD2000A70A1 /* AuthService.swift */ = {isa = PBXFileReference; lastKnownFileType = sourcecode.swift; path = AuthService.swift; sourceTree = "<group>"; };
		434858172B62CD91000A70A1 /* Endpoint.swift */ = {isa = PBXFileReference; lastKnownFileType = sourcecode.swift; path = Endpoint.swift; sourceTree = "<group>"; };
		434858192B62E176000A70A1 /* KeychainManager.swift */ = {isa = PBXFileReference; lastKnownFileType = sourcecode.swift; path = KeychainManager.swift; sourceTree = "<group>"; };
		4348581B2B62F4CF000A70A1 /* AccountDetailService.swift */ = {isa = PBXFileReference; lastKnownFileType = sourcecode.swift; path = AccountDetailService.swift; sourceTree = "<group>"; };
		43D1E2352B63FBC000D8C795 /* AuraError.swift */ = {isa = PBXFileReference; lastKnownFileType = sourcecode.swift; path = AuraError.swift; sourceTree = "<group>"; };
		43D1E2372B641D8B00D8C795 /* AllTransactionsView.swift */ = {isa = PBXFileReference; lastKnownFileType = sourcecode.swift; path = AllTransactionsView.swift; sourceTree = "<group>"; };
		43D1E2392B641ED700D8C795 /* TransactionRowView.swift */ = {isa = PBXFileReference; lastKnownFileType = sourcecode.swift; path = TransactionRowView.swift; sourceTree = "<group>"; };
		43D1E23C2B6422D700D8C795 /* ExitToolbarItem.swift */ = {isa = PBXFileReference; lastKnownFileType = sourcecode.swift; path = ExitToolbarItem.swift; sourceTree = "<group>"; };
		43E87D882B6391AF008E5343 /* UrlSessionBuilder.swift */ = {isa = PBXFileReference; lastKnownFileType = sourcecode.swift; path = UrlSessionBuilder.swift; sourceTree = "<group>"; };
		43E87D8A2B63BA32008E5343 /* ApiResponse.swift */ = {isa = PBXFileReference; lastKnownFileType = sourcecode.swift; path = ApiResponse.swift; sourceTree = "<group>"; };
		43E87D8E2B63E430008E5343 /* BodyKey.swift */ = {isa = PBXFileReference; lastKnownFileType = sourcecode.swift; path = BodyKey.swift; sourceTree = "<group>"; };
		53D418782AC7099A0070ADB1 /* Aura.app */ = {isa = PBXFileReference; explicitFileType = wrapper.application; includeInIndex = 0; path = Aura.app; sourceTree = BUILT_PRODUCTS_DIR; };
		53D4187B2AC7099A0070ADB1 /* AuraApp.swift */ = {isa = PBXFileReference; lastKnownFileType = sourcecode.swift; path = AuraApp.swift; sourceTree = "<group>"; };
		53D4187F2AC7099B0070ADB1 /* Assets.xcassets */ = {isa = PBXFileReference; lastKnownFileType = folder.assetcatalog; path = Assets.xcassets; sourceTree = "<group>"; };
		53D418822AC7099B0070ADB1 /* Preview Assets.xcassets */ = {isa = PBXFileReference; lastKnownFileType = folder.assetcatalog; path = "Preview Assets.xcassets"; sourceTree = "<group>"; };
		53D4188C2AC709F40070ADB1 /* AppViewModel.swift */ = {isa = PBXFileReference; lastKnownFileType = sourcecode.swift; path = AppViewModel.swift; sourceTree = "<group>"; };
		53D418902AC70A920070ADB1 /* AuthenticationView.swift */ = {isa = PBXFileReference; lastKnownFileType = sourcecode.swift; path = AuthenticationView.swift; sourceTree = "<group>"; };
		53D418922AC70AB10070ADB1 /* AccountDetailView.swift */ = {isa = PBXFileReference; lastKnownFileType = sourcecode.swift; path = AccountDetailView.swift; sourceTree = "<group>"; };
		53D418942AC70ABF0070ADB1 /* MoneyTransferView.swift */ = {isa = PBXFileReference; lastKnownFileType = sourcecode.swift; path = MoneyTransferView.swift; sourceTree = "<group>"; };
		53D418982AC70FD80070ADB1 /* Color+Extensions.swift */ = {isa = PBXFileReference; lastKnownFileType = sourcecode.swift; path = "Color+Extensions.swift"; sourceTree = "<group>"; };
		53D4189A2AC711990070ADB1 /* AuthenticationViewModel.swift */ = {isa = PBXFileReference; lastKnownFileType = sourcecode.swift; path = AuthenticationViewModel.swift; sourceTree = "<group>"; };
		53D4189C2AC715AA0070ADB1 /* AccountDetailViewModel.swift */ = {isa = PBXFileReference; lastKnownFileType = sourcecode.swift; path = AccountDetailViewModel.swift; sourceTree = "<group>"; };
		53D4189E2AC717890070ADB1 /* MoneyTransferViewModel.swift */ = {isa = PBXFileReference; lastKnownFileType = sourcecode.swift; path = MoneyTransferViewModel.swift; sourceTree = "<group>"; };
		53D418A02AC71B8F0070ADB1 /* View+Extensions.swift */ = {isa = PBXFileReference; lastKnownFileType = sourcecode.swift; path = "View+Extensions.swift"; sourceTree = "<group>"; };
/* End PBXFileReference section */

/* Begin PBXFrameworksBuildPhase section */
		432643E12B76532C0045904C /* Frameworks */ = {
			isa = PBXFrameworksBuildPhase;
			buildActionMask = 2147483647;
			files = (
			);
			runOnlyForDeploymentPostprocessing = 0;
		};
		53D418752AC7099A0070ADB1 /* Frameworks */ = {
			isa = PBXFrameworksBuildPhase;
			buildActionMask = 2147483647;
			files = (
			);
			runOnlyForDeploymentPostprocessing = 0;
		};
/* End PBXFrameworksBuildPhase section */

/* Begin PBXGroup section */
		432643E52B76532C0045904C /* AuraTests */ = {
			isa = PBXGroup;
			children = (
				432644252B7685220045904C /* JsonData */,
				432644262B7685510045904C /* FakeData */,
				432643E62B76532C0045904C /* AuthServiceTests.swift */,
				432644272B7685A00045904C /* AccountDetailServiceTests.swift */,
				432644292B7685AF0045904C /* TransfertServiceTests.swift */,
				4326442B2B768FE50045904C /* UrlSessionBuilderTests.swift */,
			);
			path = AuraTests;
			sourceTree = "<group>";
		};
		432644252B7685220045904C /* JsonData */ = {
			isa = PBXGroup;
			children = (
				4326441B2B76674B0045904C /* Authentification.json */,
				432644232B76851D0045904C /* AccountDetail.json */,
			);
			path = JsonData;
			sourceTree = "<group>";
		};
		432644262B7685510045904C /* FakeData */ = {
			isa = PBXGroup;
			children = (
				4326441F2B76685A0045904C /* FakeData.swift */,
				432644212B766E1A0045904C /* URLSessionFake.swift */,
			);
			path = FakeData;
			sourceTree = "<group>";
		};
		434858162B62CADD000A70A1 /* Models */ = {
			isa = PBXGroup;
			children = (
				43D1E2352B63FBC000D8C795 /* AuraError.swift */,
				434858192B62E176000A70A1 /* KeychainManager.swift */,
				43E87D902B63E46C008E5343 /* AuraAPI */,
				434858142B62CAD2000A70A1 /* AuthService.swift */,
				4348581B2B62F4CF000A70A1 /* AccountDetailService.swift */,
				432644192B76610E0045904C /* TransfertService.swift */,
			);
			path = Models;
			sourceTree = "<group>";
		};
		43D1E23B2B641EE700D8C795 /* Components */ = {
			isa = PBXGroup;
			children = (
				43D1E2392B641ED700D8C795 /* TransactionRowView.swift */,
				43D1E23C2B6422D700D8C795 /* ExitToolbarItem.swift */,
			);
			path = Components;
			sourceTree = "<group>";
		};
		43E87D902B63E46C008E5343 /* AuraAPI */ = {
			isa = PBXGroup;
			children = (
				434858172B62CD91000A70A1 /* Endpoint.swift */,
				43E87D8E2B63E430008E5343 /* BodyKey.swift */,
				43E87D8A2B63BA32008E5343 /* ApiResponse.swift */,
				43E87D882B6391AF008E5343 /* UrlSessionBuilder.swift */,
			);
			path = AuraAPI;
			sourceTree = "<group>";
		};
		53D4186F2AC7099A0070ADB1 = {
			isa = PBXGroup;
			children = (
				53D4187A2AC7099A0070ADB1 /* Aura */,
				432643E52B76532C0045904C /* AuraTests */,
				53D418792AC7099A0070ADB1 /* Products */,
			);
			sourceTree = "<group>";
		};
		53D418792AC7099A0070ADB1 /* Products */ = {
			isa = PBXGroup;
			children = (
				53D418782AC7099A0070ADB1 /* Aura.app */,
				432643E42B76532C0045904C /* AuraTests.xctest */,
			);
			name = Products;
			sourceTree = "<group>";
		};
		53D4187A2AC7099A0070ADB1 /* Aura */ = {
			isa = PBXGroup;
			children = (
				53D418962AC70FC50070ADB1 /* Utils */,
				434858162B62CADD000A70A1 /* Models */,
				53D4188A2AC709B30070ADB1 /* ViewModels */,
				53D418892AC709AD0070ADB1 /* Views */,
				53D4187B2AC7099A0070ADB1 /* AuraApp.swift */,
				53D4187F2AC7099B0070ADB1 /* Assets.xcassets */,
				53D418812AC7099B0070ADB1 /* Preview Content */,
			);
			path = Aura;
			sourceTree = "<group>";
		};
		53D418812AC7099B0070ADB1 /* Preview Content */ = {
			isa = PBXGroup;
			children = (
				53D418822AC7099B0070ADB1 /* Preview Assets.xcassets */,
			);
			path = "Preview Content";
			sourceTree = "<group>";
		};
		53D418892AC709AD0070ADB1 /* Views */ = {
			isa = PBXGroup;
			children = (
				43D1E23B2B641EE700D8C795 /* Components */,
				53D418902AC70A920070ADB1 /* AuthenticationView.swift */,
				53D418922AC70AB10070ADB1 /* AccountDetailView.swift */,
				43D1E2372B641D8B00D8C795 /* AllTransactionsView.swift */,
				53D418942AC70ABF0070ADB1 /* MoneyTransferView.swift */,
			);
			path = Views;
			sourceTree = "<group>";
		};
		53D4188A2AC709B30070ADB1 /* ViewModels */ = {
			isa = PBXGroup;
			children = (
				53D4188C2AC709F40070ADB1 /* AppViewModel.swift */,
				53D4189A2AC711990070ADB1 /* AuthenticationViewModel.swift */,
				53D4189C2AC715AA0070ADB1 /* AccountDetailViewModel.swift */,
				53D4189E2AC717890070ADB1 /* MoneyTransferViewModel.swift */,
			);
			path = ViewModels;
			sourceTree = "<group>";
		};
		53D418962AC70FC50070ADB1 /* Utils */ = {
			isa = PBXGroup;
			children = (
				53D418982AC70FD80070ADB1 /* Color+Extensions.swift */,
				53D418A02AC71B8F0070ADB1 /* View+Extensions.swift */,
				432643DE2B7632260045904C /* String+Extensions.swift */,
				4326442D2B769B910045904C /* Decimal+Extensions.swift */,
			);
			path = Utils;
			sourceTree = "<group>";
		};
/* End PBXGroup section */

/* Begin PBXNativeTarget section */
		432643E32B76532C0045904C /* AuraTests */ = {
			isa = PBXNativeTarget;
			buildConfigurationList = 432643EC2B76532C0045904C /* Build configuration list for PBXNativeTarget "AuraTests" */;
			buildPhases = (
				432643E02B76532C0045904C /* Sources */,
				432643E12B76532C0045904C /* Frameworks */,
				432643E22B76532C0045904C /* Resources */,
			);
			buildRules = (
			);
			dependencies = (
				432643E92B76532C0045904C /* PBXTargetDependency */,
			);
			name = AuraTests;
			productName = AuraTests;
			productReference = 432643E42B76532C0045904C /* AuraTests.xctest */;
			productType = "com.apple.product-type.bundle.unit-test";
		};
		53D418772AC7099A0070ADB1 /* Aura */ = {
			isa = PBXNativeTarget;
			buildConfigurationList = 53D418862AC7099B0070ADB1 /* Build configuration list for PBXNativeTarget "Aura" */;
			buildPhases = (
				53D418742AC7099A0070ADB1 /* Sources */,
				53D418752AC7099A0070ADB1 /* Frameworks */,
				53D418762AC7099A0070ADB1 /* Resources */,
			);
			buildRules = (
			);
			dependencies = (
			);
			name = Aura;
			productName = Aura;
			productReference = 53D418782AC7099A0070ADB1 /* Aura.app */;
			productType = "com.apple.product-type.application";
		};
/* End PBXNativeTarget section */

/* Begin PBXProject section */
		53D418702AC7099A0070ADB1 /* Project object */ = {
			isa = PBXProject;
			attributes = {
				BuildIndependentTargetsInParallel = 1;
				LastSwiftUpdateCheck = 1510;
				LastUpgradeCheck = 1500;
				TargetAttributes = {
					432643E32B76532C0045904C = {
						CreatedOnToolsVersion = 15.1;
						TestTargetID = 53D418772AC7099A0070ADB1;
					};
					53D418772AC7099A0070ADB1 = {
						CreatedOnToolsVersion = 15.0;
					};
				};
			};
			buildConfigurationList = 53D418732AC7099A0070ADB1 /* Build configuration list for PBXProject "Aura" */;
			compatibilityVersion = "Xcode 14.0";
			developmentRegion = en;
			hasScannedForEncodings = 0;
			knownRegions = (
				en,
				Base,
			);
			mainGroup = 53D4186F2AC7099A0070ADB1;
			productRefGroup = 53D418792AC7099A0070ADB1 /* Products */;
			projectDirPath = "";
			projectRoot = "";
			targets = (
				53D418772AC7099A0070ADB1 /* Aura */,
				432643E32B76532C0045904C /* AuraTests */,
			);
		};
/* End PBXProject section */

/* Begin PBXResourcesBuildPhase section */
		432643E22B76532C0045904C /* Resources */ = {
			isa = PBXResourcesBuildPhase;
			buildActionMask = 2147483647;
			files = (
				432644242B76851D0045904C /* AccountDetail.json in Resources */,
				4326441C2B76674B0045904C /* Authentification.json in Resources */,
			);
			runOnlyForDeploymentPostprocessing = 0;
		};
		53D418762AC7099A0070ADB1 /* Resources */ = {
			isa = PBXResourcesBuildPhase;
			buildActionMask = 2147483647;
			files = (
				53D418832AC7099B0070ADB1 /* Preview Assets.xcassets in Resources */,
				53D418802AC7099B0070ADB1 /* Assets.xcassets in Resources */,
			);
			runOnlyForDeploymentPostprocessing = 0;
		};
/* End PBXResourcesBuildPhase section */

/* Begin PBXSourcesBuildPhase section */
		432643E02B76532C0045904C /* Sources */ = {
			isa = PBXSourcesBuildPhase;
			buildActionMask = 2147483647;
			files = (
				432643E72B76532C0045904C /* AuthServiceTests.swift in Sources */,
				432644222B766E1A0045904C /* URLSessionFake.swift in Sources */,
				4326442C2B768FE50045904C /* UrlSessionBuilderTests.swift in Sources */,
				432644282B7685A00045904C /* AccountDetailServiceTests.swift in Sources */,
				432644202B76685A0045904C /* FakeData.swift in Sources */,
				4326442A2B7685AF0045904C /* TransfertServiceTests.swift in Sources */,
			);
			runOnlyForDeploymentPostprocessing = 0;
		};
		53D418742AC7099A0070ADB1 /* Sources */ = {
			isa = PBXSourcesBuildPhase;
			buildActionMask = 2147483647;
			files = (
				43E87D8F2B63E430008E5343 /* BodyKey.swift in Sources */,
				43D1E2382B641D8B00D8C795 /* AllTransactionsView.swift in Sources */,
				4326441A2B76610E0045904C /* TransfertService.swift in Sources */,
				4348581A2B62E176000A70A1 /* KeychainManager.swift in Sources */,
				53D4187C2AC7099A0070ADB1 /* AuraApp.swift in Sources */,
				53D418952AC70ABF0070ADB1 /* MoneyTransferView.swift in Sources */,
				43E87D892B6391AF008E5343 /* UrlSessionBuilder.swift in Sources */,
				43D1E2362B63FBC000D8C795 /* AuraError.swift in Sources */,
				53D4189B2AC711990070ADB1 /* AuthenticationViewModel.swift in Sources */,
				53D4189D2AC715AA0070ADB1 /* AccountDetailViewModel.swift in Sources */,
				434858182B62CD91000A70A1 /* Endpoint.swift in Sources */,
				53D418912AC70A920070ADB1 /* AuthenticationView.swift in Sources */,
				43D1E23D2B6422D700D8C795 /* ExitToolbarItem.swift in Sources */,
				432643DF2B7632260045904C /* String+Extensions.swift in Sources */,
				434858152B62CAD2000A70A1 /* AuthService.swift in Sources */,
				43D1E23A2B641ED700D8C795 /* TransactionRowView.swift in Sources */,
				53D418932AC70AB10070ADB1 /* AccountDetailView.swift in Sources */,
				53D4189F2AC717890070ADB1 /* MoneyTransferViewModel.swift in Sources */,
				53D4188D2AC709F40070ADB1 /* AppViewModel.swift in Sources */,
				43E87D8B2B63BA32008E5343 /* ApiResponse.swift in Sources */,
				4348581C2B62F4CF000A70A1 /* AccountDetailService.swift in Sources */,
				4326442E2B769B910045904C /* Decimal+Extensions.swift in Sources */,
				53D418A12AC71B8F0070ADB1 /* View+Extensions.swift in Sources */,
				53D418992AC70FD80070ADB1 /* Color+Extensions.swift in Sources */,
			);
			runOnlyForDeploymentPostprocessing = 0;
		};
/* End PBXSourcesBuildPhase section */

/* Begin PBXTargetDependency section */
		432643E92B76532C0045904C /* PBXTargetDependency */ = {
			isa = PBXTargetDependency;
			target = 53D418772AC7099A0070ADB1 /* Aura */;
			targetProxy = 432643E82B76532C0045904C /* PBXContainerItemProxy */;
		};
/* End PBXTargetDependency section */

/* Begin XCBuildConfiguration section */
		432643EA2B76532C0045904C /* Debug */ = {
			isa = XCBuildConfiguration;
			buildSettings = {
				BUNDLE_LOADER = "$(TEST_HOST)";
				CODE_SIGN_STYLE = Automatic;
				CURRENT_PROJECT_VERSION = 1;
				DEVELOPMENT_TEAM = 5F49D5L775;
				GENERATE_INFOPLIST_FILE = YES;
				IPHONEOS_DEPLOYMENT_TARGET = 17.2;
				MARKETING_VERSION = 1.0;
				PRODUCT_BUNDLE_IDENTIFIER = com.benjaminlefrancois.AuraTests;
				PRODUCT_NAME = "$(TARGET_NAME)";
				SWIFT_EMIT_LOC_STRINGS = NO;
				SWIFT_VERSION = 5.0;
				TARGETED_DEVICE_FAMILY = "1,2";
				TEST_HOST = "$(BUILT_PRODUCTS_DIR)/Aura.app/$(BUNDLE_EXECUTABLE_FOLDER_PATH)/Aura";
			};
			name = Debug;
		};
		432643EB2B76532C0045904C /* Release */ = {
			isa = XCBuildConfiguration;
			buildSettings = {
				BUNDLE_LOADER = "$(TEST_HOST)";
				CODE_SIGN_STYLE = Automatic;
				CURRENT_PROJECT_VERSION = 1;
				DEVELOPMENT_TEAM = 5F49D5L775;
				GENERATE_INFOPLIST_FILE = YES;
				IPHONEOS_DEPLOYMENT_TARGET = 17.2;
				MARKETING_VERSION = 1.0;
				PRODUCT_BUNDLE_IDENTIFIER = com.benjaminlefrancois.AuraTests;
				PRODUCT_NAME = "$(TARGET_NAME)";
				SWIFT_EMIT_LOC_STRINGS = NO;
				SWIFT_VERSION = 5.0;
				TARGETED_DEVICE_FAMILY = "1,2";
				TEST_HOST = "$(BUILT_PRODUCTS_DIR)/Aura.app/$(BUNDLE_EXECUTABLE_FOLDER_PATH)/Aura";
			};
			name = Release;
		};
		53D418842AC7099B0070ADB1 /* Debug */ = {
			isa = XCBuildConfiguration;
			buildSettings = {
				ALWAYS_SEARCH_USER_PATHS = NO;
				ASSETCATALOG_COMPILER_GENERATE_SWIFT_ASSET_SYMBOL_EXTENSIONS = YES;
				CLANG_ANALYZER_NONNULL = YES;
				CLANG_ANALYZER_NUMBER_OBJECT_CONVERSION = YES_AGGRESSIVE;
				CLANG_CXX_LANGUAGE_STANDARD = "gnu++20";
				CLANG_ENABLE_MODULES = YES;
				CLANG_ENABLE_OBJC_ARC = YES;
				CLANG_ENABLE_OBJC_WEAK = YES;
				CLANG_WARN_BLOCK_CAPTURE_AUTORELEASING = YES;
				CLANG_WARN_BOOL_CONVERSION = YES;
				CLANG_WARN_COMMA = YES;
				CLANG_WARN_CONSTANT_CONVERSION = YES;
				CLANG_WARN_DEPRECATED_OBJC_IMPLEMENTATIONS = YES;
				CLANG_WARN_DIRECT_OBJC_ISA_USAGE = YES_ERROR;
				CLANG_WARN_DOCUMENTATION_COMMENTS = YES;
				CLANG_WARN_EMPTY_BODY = YES;
				CLANG_WARN_ENUM_CONVERSION = YES;
				CLANG_WARN_INFINITE_RECURSION = YES;
				CLANG_WARN_INT_CONVERSION = YES;
				CLANG_WARN_NON_LITERAL_NULL_CONVERSION = YES;
				CLANG_WARN_OBJC_IMPLICIT_RETAIN_SELF = YES;
				CLANG_WARN_OBJC_LITERAL_CONVERSION = YES;
				CLANG_WARN_OBJC_ROOT_CLASS = YES_ERROR;
				CLANG_WARN_QUOTED_INCLUDE_IN_FRAMEWORK_HEADER = YES;
				CLANG_WARN_RANGE_LOOP_ANALYSIS = YES;
				CLANG_WARN_STRICT_PROTOTYPES = YES;
				CLANG_WARN_SUSPICIOUS_MOVE = YES;
				CLANG_WARN_UNGUARDED_AVAILABILITY = YES_AGGRESSIVE;
				CLANG_WARN_UNREACHABLE_CODE = YES;
				CLANG_WARN__DUPLICATE_METHOD_MATCH = YES;
				COPY_PHASE_STRIP = NO;
				DEBUG_INFORMATION_FORMAT = dwarf;
				ENABLE_STRICT_OBJC_MSGSEND = YES;
				ENABLE_TESTABILITY = YES;
				ENABLE_USER_SCRIPT_SANDBOXING = YES;
				GCC_C_LANGUAGE_STANDARD = gnu17;
				GCC_DYNAMIC_NO_PIC = NO;
				GCC_NO_COMMON_BLOCKS = YES;
				GCC_OPTIMIZATION_LEVEL = 0;
				GCC_PREPROCESSOR_DEFINITIONS = (
					"DEBUG=1",
					"$(inherited)",
				);
				GCC_WARN_64_TO_32_BIT_CONVERSION = YES;
				GCC_WARN_ABOUT_RETURN_TYPE = YES_ERROR;
				GCC_WARN_UNDECLARED_SELECTOR = YES;
				GCC_WARN_UNINITIALIZED_AUTOS = YES_AGGRESSIVE;
				GCC_WARN_UNUSED_FUNCTION = YES;
				GCC_WARN_UNUSED_VARIABLE = YES;
				IPHONEOS_DEPLOYMENT_TARGET = 17.0;
				LOCALIZATION_PREFERS_STRING_CATALOGS = YES;
				MTL_ENABLE_DEBUG_INFO = INCLUDE_SOURCE;
				MTL_FAST_MATH = YES;
				ONLY_ACTIVE_ARCH = YES;
				SDKROOT = iphoneos;
				SWIFT_ACTIVE_COMPILATION_CONDITIONS = "DEBUG $(inherited)";
				SWIFT_OPTIMIZATION_LEVEL = "-Onone";
			};
			name = Debug;
		};
		53D418852AC7099B0070ADB1 /* Release */ = {
			isa = XCBuildConfiguration;
			buildSettings = {
				ALWAYS_SEARCH_USER_PATHS = NO;
				ASSETCATALOG_COMPILER_GENERATE_SWIFT_ASSET_SYMBOL_EXTENSIONS = YES;
				CLANG_ANALYZER_NONNULL = YES;
				CLANG_ANALYZER_NUMBER_OBJECT_CONVERSION = YES_AGGRESSIVE;
				CLANG_CXX_LANGUAGE_STANDARD = "gnu++20";
				CLANG_ENABLE_MODULES = YES;
				CLANG_ENABLE_OBJC_ARC = YES;
				CLANG_ENABLE_OBJC_WEAK = YES;
				CLANG_WARN_BLOCK_CAPTURE_AUTORELEASING = YES;
				CLANG_WARN_BOOL_CONVERSION = YES;
				CLANG_WARN_COMMA = YES;
				CLANG_WARN_CONSTANT_CONVERSION = YES;
				CLANG_WARN_DEPRECATED_OBJC_IMPLEMENTATIONS = YES;
				CLANG_WARN_DIRECT_OBJC_ISA_USAGE = YES_ERROR;
				CLANG_WARN_DOCUMENTATION_COMMENTS = YES;
				CLANG_WARN_EMPTY_BODY = YES;
				CLANG_WARN_ENUM_CONVERSION = YES;
				CLANG_WARN_INFINITE_RECURSION = YES;
				CLANG_WARN_INT_CONVERSION = YES;
				CLANG_WARN_NON_LITERAL_NULL_CONVERSION = YES;
				CLANG_WARN_OBJC_IMPLICIT_RETAIN_SELF = YES;
				CLANG_WARN_OBJC_LITERAL_CONVERSION = YES;
				CLANG_WARN_OBJC_ROOT_CLASS = YES_ERROR;
				CLANG_WARN_QUOTED_INCLUDE_IN_FRAMEWORK_HEADER = YES;
				CLANG_WARN_RANGE_LOOP_ANALYSIS = YES;
				CLANG_WARN_STRICT_PROTOTYPES = YES;
				CLANG_WARN_SUSPICIOUS_MOVE = YES;
				CLANG_WARN_UNGUARDED_AVAILABILITY = YES_AGGRESSIVE;
				CLANG_WARN_UNREACHABLE_CODE = YES;
				CLANG_WARN__DUPLICATE_METHOD_MATCH = YES;
				COPY_PHASE_STRIP = NO;
				DEBUG_INFORMATION_FORMAT = "dwarf-with-dsym";
				ENABLE_NS_ASSERTIONS = NO;
				ENABLE_STRICT_OBJC_MSGSEND = YES;
				ENABLE_USER_SCRIPT_SANDBOXING = YES;
				GCC_C_LANGUAGE_STANDARD = gnu17;
				GCC_NO_COMMON_BLOCKS = YES;
				GCC_WARN_64_TO_32_BIT_CONVERSION = YES;
				GCC_WARN_ABOUT_RETURN_TYPE = YES_ERROR;
				GCC_WARN_UNDECLARED_SELECTOR = YES;
				GCC_WARN_UNINITIALIZED_AUTOS = YES_AGGRESSIVE;
				GCC_WARN_UNUSED_FUNCTION = YES;
				GCC_WARN_UNUSED_VARIABLE = YES;
				IPHONEOS_DEPLOYMENT_TARGET = 17.0;
				LOCALIZATION_PREFERS_STRING_CATALOGS = YES;
				MTL_ENABLE_DEBUG_INFO = NO;
				MTL_FAST_MATH = YES;
				SDKROOT = iphoneos;
				SWIFT_COMPILATION_MODE = wholemodule;
				VALIDATE_PRODUCT = YES;
			};
			name = Release;
		};
		53D418872AC7099B0070ADB1 /* Debug */ = {
			isa = XCBuildConfiguration;
			buildSettings = {
				ASSETCATALOG_COMPILER_APPICON_NAME = AppIcon;
				ASSETCATALOG_COMPILER_GLOBAL_ACCENT_COLOR_NAME = AccentColor;
				CODE_SIGN_STYLE = Automatic;
				CURRENT_PROJECT_VERSION = 1;
				DEVELOPMENT_ASSET_PATHS = "\"Aura/Preview Content\"";
				ENABLE_PREVIEWS = YES;
				ENABLE_USER_SCRIPT_SANDBOXING = YES;
				GENERATE_INFOPLIST_FILE = YES;
				INFOPLIST_KEY_UIApplicationSceneManifest_Generation = YES;
				INFOPLIST_KEY_UIApplicationSupportsIndirectInputEvents = YES;
				INFOPLIST_KEY_UILaunchScreen_Generation = YES;
				INFOPLIST_KEY_UISupportedInterfaceOrientations_iPad = "UIInterfaceOrientationPortrait UIInterfaceOrientationPortraitUpsideDown UIInterfaceOrientationLandscapeLeft UIInterfaceOrientationLandscapeRight";
				INFOPLIST_KEY_UISupportedInterfaceOrientations_iPhone = "UIInterfaceOrientationPortrait UIInterfaceOrientationLandscapeLeft UIInterfaceOrientationLandscapeRight";
				LD_RUNPATH_SEARCH_PATHS = (
					"$(inherited)",
					"@executable_path/Frameworks",
				);
				MARKETING_VERSION = 1.0;
				PRODUCT_BUNDLE_IDENTIFIER = com.mobilemaker.Aura;
				PRODUCT_NAME = "$(TARGET_NAME)";
				SWIFT_EMIT_LOC_STRINGS = YES;
				SWIFT_VERSION = 5.0;
				TARGETED_DEVICE_FAMILY = "1,2";
			};
			name = Debug;
		};
		53D418882AC7099B0070ADB1 /* Release */ = {
			isa = XCBuildConfiguration;
			buildSettings = {
				ASSETCATALOG_COMPILER_APPICON_NAME = AppIcon;
				ASSETCATALOG_COMPILER_GLOBAL_ACCENT_COLOR_NAME = AccentColor;
				CODE_SIGN_STYLE = Automatic;
				CURRENT_PROJECT_VERSION = 1;
				DEVELOPMENT_ASSET_PATHS = "\"Aura/Preview Content\"";
				ENABLE_PREVIEWS = YES;
				ENABLE_USER_SCRIPT_SANDBOXING = YES;
				GENERATE_INFOPLIST_FILE = YES;
				INFOPLIST_KEY_UIApplicationSceneManifest_Generation = YES;
				INFOPLIST_KEY_UIApplicationSupportsIndirectInputEvents = YES;
				INFOPLIST_KEY_UILaunchScreen_Generation = YES;
				INFOPLIST_KEY_UISupportedInterfaceOrientations_iPad = "UIInterfaceOrientationPortrait UIInterfaceOrientationPortraitUpsideDown UIInterfaceOrientationLandscapeLeft UIInterfaceOrientationLandscapeRight";
				INFOPLIST_KEY_UISupportedInterfaceOrientations_iPhone = "UIInterfaceOrientationPortrait UIInterfaceOrientationLandscapeLeft UIInterfaceOrientationLandscapeRight";
				LD_RUNPATH_SEARCH_PATHS = (
					"$(inherited)",
					"@executable_path/Frameworks",
				);
				MARKETING_VERSION = 1.0;
				PRODUCT_BUNDLE_IDENTIFIER = com.mobilemaker.Aura;
				PRODUCT_NAME = "$(TARGET_NAME)";
				SWIFT_EMIT_LOC_STRINGS = YES;
				SWIFT_VERSION = 5.0;
				TARGETED_DEVICE_FAMILY = "1,2";
			};
			name = Release;
		};
/* End XCBuildConfiguration section */

/* Begin XCConfigurationList section */
		432643EC2B76532C0045904C /* Build configuration list for PBXNativeTarget "AuraTests" */ = {
			isa = XCConfigurationList;
			buildConfigurations = (
				432643EA2B76532C0045904C /* Debug */,
				432643EB2B76532C0045904C /* Release */,
			);
			defaultConfigurationIsVisible = 0;
			defaultConfigurationName = Release;
		};
		53D418732AC7099A0070ADB1 /* Build configuration list for PBXProject "Aura" */ = {
			isa = XCConfigurationList;
			buildConfigurations = (
				53D418842AC7099B0070ADB1 /* Debug */,
				53D418852AC7099B0070ADB1 /* Release */,
			);
			defaultConfigurationIsVisible = 0;
			defaultConfigurationName = Release;
		};
		53D418862AC7099B0070ADB1 /* Build configuration list for PBXNativeTarget "Aura" */ = {
			isa = XCConfigurationList;
			buildConfigurations = (
				53D418872AC7099B0070ADB1 /* Debug */,
				53D418882AC7099B0070ADB1 /* Release */,
			);
			defaultConfigurationIsVisible = 0;
			defaultConfigurationName = Release;
		};
/* End XCConfigurationList section */
	};
	rootObject = 53D418702AC7099A0070ADB1 /* Project object */;
}
